PODS:
  - AFNetworking (3.2.1):
    - AFNetworking/NSURLSession (= 3.2.1)
    - AFNetworking/Reachability (= 3.2.1)
    - AFNetworking/Security (= 3.2.1)
    - AFNetworking/Serialization (= 3.2.1)
    - AFNetworking/UIKit (= 3.2.1)
  - AFNetworking/NSURLSession (3.2.1):
    - AFNetworking/Reachability
    - AFNetworking/Security
    - AFNetworking/Serialization
  - AFNetworking/Reachability (3.2.1)
  - AFNetworking/Security (3.2.1)
  - AFNetworking/Serialization (3.2.1)
  - AFNetworking/UIKit (3.2.1):
    - AFNetworking/NSURLSession
  - JLRoutes (2.1)

DEPENDENCIES:
  - AFNetworking
  - JLRoutes

SPEC REPOS:
  https://github.com/cocoapods/specs.git:
    - AFNetworking
    - JLRoutes

SPEC CHECKSUMS:
  AFNetworking: b6f891fdfaed196b46c7a83cf209e09697b94057
  JLRoutes: d755245322b94227662ea3e43492fdca94e05c5b

PODFILE CHECKSUM: 24a47547a5d52155e56c2bfd7d9deb450980c993

COCOAPODS: 1.7.0.beta.3
